// !$*UTF8*$!
{
	archiveVersion = 1;
	classes = {
	};
	objectVersion = 50;
	objects = {

/* Begin PBXBuildFile section */
		6E673CD53E5E254FC636A663 /* Pods_QuickFix.framework in Frameworks */ = {isa = PBXBuildFile; fileRef = 1A0D38D0420E8752334C7FDD /* Pods_QuickFix.framework */; };
		F53D0F7023D007BA006E8248 /* AppleWebViewController.swift in Sources */ = {isa = PBXBuildFile; fileRef = F53D0F6F23D007BA006E8248 /* AppleWebViewController.swift */; };
		F53D0F7423D0444A006E8248 /* WindowsWebViewController.swift in Sources */ = {isa = PBXBuildFile; fileRef = F53D0F7323D0444A006E8248 /* WindowsWebViewController.swift */; };
		F53D0F7A23D1BDDC006E8248 /* Map.storyboard in Resources */ = {isa = PBXBuildFile; fileRef = F53D0F7923D1BDDC006E8248 /* Map.storyboard */; };
		F53D0F7C23D1C0D3006E8248 /* MapViewController.swift in Sources */ = {isa = PBXBuildFile; fileRef = F53D0F7B23D1C0D3006E8248 /* MapViewController.swift */; };
		F53DF34C23C5CEA500E4248C /* SceneDelegate.swift in Sources */ = {isa = PBXBuildFile; fileRef = F53DF34B23C5CEA500E4248C /* SceneDelegate.swift */; };
		F53DF34E23C6CA6200E4248C /* SettingsTableViewController.swift in Sources */ = {isa = PBXBuildFile; fileRef = F53DF34D23C6CA6200E4248C /* SettingsTableViewController.swift */; };
		F53DF35023C6CA9C00E4248C /* SettingsViewController.storyboard in Resources */ = {isa = PBXBuildFile; fileRef = F53DF34F23C6CA9C00E4248C /* SettingsViewController.storyboard */; };
		F56B402723B834CD00CBB7F2 /* AppDelegate.swift in Sources */ = {isa = PBXBuildFile; fileRef = F56B402623B834CD00CBB7F2 /* AppDelegate.swift */; };
		F56B402E23B834CD00CBB7F2 /* Main.storyboard in Resources */ = {isa = PBXBuildFile; fileRef = F56B402C23B834CD00CBB7F2 /* Main.storyboard */; };
		F56B403023B834D000CBB7F2 /* Assets.xcassets in Resources */ = {isa = PBXBuildFile; fileRef = F56B402F23B834D000CBB7F2 /* Assets.xcassets */; };
		F56B403323B834D000CBB7F2 /* LaunchScreen.storyboard in Resources */ = {isa = PBXBuildFile; fileRef = F56B403123B834D000CBB7F2 /* LaunchScreen.storyboard */; };
		F5B6B14823F3912B00443BA1 /* ContactViewController.swift in Sources */ = {isa = PBXBuildFile; fileRef = F5B6B14723F3912B00443BA1 /* ContactViewController.swift */; };
		F5B6B14A23F3915C00443BA1 /* OnlineSupportViewController.swift in Sources */ = {isa = PBXBuildFile; fileRef = F5B6B14923F3915C00443BA1 /* OnlineSupportViewController.swift */; };
		F5B6B14E23F3923900443BA1 /* Contact.storyboard in Resources */ = {isa = PBXBuildFile; fileRef = F5B6B14D23F3923900443BA1 /* Contact.storyboard */; };
		F5E890872536A9B200668692 /* Podfile in Resources */ = {isa = PBXBuildFile; fileRef = F5E890862536A9B200668692 /* Podfile */; };
/* End PBXBuildFile section */

/* Begin PBXFileReference section */
		01836D5722741D872EE3E008 /* Pods-QuickFix.debug.xcconfig */ = {isa = PBXFileReference; includeInIndex = 1; lastKnownFileType = text.xcconfig; name = "Pods-QuickFix.debug.xcconfig"; path = "Pods/Target Support Files/Pods-QuickFix/Pods-QuickFix.debug.xcconfig"; sourceTree = "<group>"; };
		1A0D38D0420E8752334C7FDD /* Pods_QuickFix.framework */ = {isa = PBXFileReference; explicitFileType = wrapper.framework; includeInIndex = 0; path = Pods_QuickFix.framework; sourceTree = BUILT_PRODUCTS_DIR; };
		F0273300D3FBF6A7C1FE913D /* Pods-QuickFix.release.xcconfig */ = {isa = PBXFileReference; includeInIndex = 1; lastKnownFileType = text.xcconfig; name = "Pods-QuickFix.release.xcconfig"; path = "Pods/Target Support Files/Pods-QuickFix/Pods-QuickFix.release.xcconfig"; sourceTree = "<group>"; };
		F53D0F6F23D007BA006E8248 /* AppleWebViewController.swift */ = {isa = PBXFileReference; lastKnownFileType = sourcecode.swift; path = AppleWebViewController.swift; sourceTree = "<group>"; };
		F53D0F7323D0444A006E8248 /* WindowsWebViewController.swift */ = {isa = PBXFileReference; lastKnownFileType = sourcecode.swift; path = WindowsWebViewController.swift; sourceTree = "<group>"; };
		F53D0F7923D1BDDC006E8248 /* Map.storyboard */ = {isa = PBXFileReference; lastKnownFileType = file.storyboard; path = Map.storyboard; sourceTree = "<group>"; };
		F53D0F7B23D1C0D3006E8248 /* MapViewController.swift */ = {isa = PBXFileReference; lastKnownFileType = sourcecode.swift; path = MapViewController.swift; sourceTree = "<group>"; };
		F53DF34B23C5CEA500E4248C /* SceneDelegate.swift */ = {isa = PBXFileReference; fileEncoding = 4; lastKnownFileType = sourcecode.swift; path = SceneDelegate.swift; sourceTree = "<group>"; };
		F53DF34D23C6CA6200E4248C /* SettingsTableViewController.swift */ = {isa = PBXFileReference; lastKnownFileType = sourcecode.swift; path = SettingsTableViewController.swift; sourceTree = "<group>"; };
		F53DF34F23C6CA9C00E4248C /* SettingsViewController.storyboard */ = {isa = PBXFileReference; lastKnownFileType = file.storyboard; path = SettingsViewController.storyboard; sourceTree = "<group>"; };
		F56B402323B834CD00CBB7F2 /* QuickFix.app */ = {isa = PBXFileReference; explicitFileType = wrapper.application; includeInIndex = 0; path = QuickFix.app; sourceTree = BUILT_PRODUCTS_DIR; };
		F56B402623B834CD00CBB7F2 /* AppDelegate.swift */ = {isa = PBXFileReference; lastKnownFileType = sourcecode.swift; path = AppDelegate.swift; sourceTree = "<group>"; };
		F56B402D23B834CD00CBB7F2 /* Base */ = {isa = PBXFileReference; lastKnownFileType = file.storyboard; name = Base; path = Base.lproj/Main.storyboard; sourceTree = "<group>"; };
		F56B402F23B834D000CBB7F2 /* Assets.xcassets */ = {isa = PBXFileReference; lastKnownFileType = folder.assetcatalog; path = Assets.xcassets; sourceTree = "<group>"; };
		F56B403223B834D000CBB7F2 /* Base */ = {isa = PBXFileReference; lastKnownFileType = file.storyboard; name = Base; path = Base.lproj/LaunchScreen.storyboard; sourceTree = "<group>"; };
		F56B403423B834D000CBB7F2 /* Info.plist */ = {isa = PBXFileReference; lastKnownFileType = text.plist.xml; path = Info.plist; sourceTree = "<group>"; };
		F5B6B14723F3912B00443BA1 /* ContactViewController.swift */ = {isa = PBXFileReference; lastKnownFileType = sourcecode.swift; path = ContactViewController.swift; sourceTree = "<group>"; };
		F5B6B14923F3915C00443BA1 /* OnlineSupportViewController.swift */ = {isa = PBXFileReference; lastKnownFileType = sourcecode.swift; path = OnlineSupportViewController.swift; sourceTree = "<group>"; };
		F5B6B14D23F3923900443BA1 /* Contact.storyboard */ = {isa = PBXFileReference; lastKnownFileType = file.storyboard; path = Contact.storyboard; sourceTree = "<group>"; };
		F5E890862536A9B200668692 /* Podfile */ = {isa = PBXFileReference; fileEncoding = 4; lastKnownFileType = text; path = Podfile; sourceTree = "<group>"; };
/* End PBXFileReference section */

/* Begin PBXFrameworksBuildPhase section */
		F56B402023B834CD00CBB7F2 /* Frameworks */ = {
			isa = PBXFrameworksBuildPhase;
			buildActionMask = 2147483647;
			files = (
				6E673CD53E5E254FC636A663 /* Pods_QuickFix.framework in Frameworks */,
			);
			runOnlyForDeploymentPostprocessing = 0;
		};
/* End PBXFrameworksBuildPhase section */

/* Begin PBXGroup section */
		10FBC9AB4A8879F42B9B2FD9 /* Frameworks */ = {
			isa = PBXGroup;
			children = (
				1A0D38D0420E8752334C7FDD /* Pods_QuickFix.framework */,
			);
			name = Frameworks;
			sourceTree = "<group>";
		};
		327C07488B9D5C955712449F /* Pods */ = {
			isa = PBXGroup;
			children = (
				01836D5722741D872EE3E008 /* Pods-QuickFix.debug.xcconfig */,
				F0273300D3FBF6A7C1FE913D /* Pods-QuickFix.release.xcconfig */,
			);
			name = Pods;
			sourceTree = "<group>";
		};
		F53D0F7523D16EF9006E8248 /* SystemsView */ = {
			isa = PBXGroup;
			children = (
				F53D0F6F23D007BA006E8248 /* AppleWebViewController.swift */,
				F53D0F7323D0444A006E8248 /* WindowsWebViewController.swift */,
				F53D0F7B23D1C0D3006E8248 /* MapViewController.swift */,
				F53DF34D23C6CA6200E4248C /* SettingsTableViewController.swift */,
			);
			path = SystemsView;
			sourceTree = "<group>";
		};
		F53D0F7623D16F1C006E8248 /* AppFrames */ = {
			isa = PBXGroup;
			children = (
				F56B402623B834CD00CBB7F2 /* AppDelegate.swift */,
				F53DF34B23C5CEA500E4248C /* SceneDelegate.swift */,
			);
			path = AppFrames;
			sourceTree = "<group>";
		};
		F53D0F7723D16F2E006E8248 /* Storyboard */ = {
			isa = PBXGroup;
			children = (
				F56B402C23B834CD00CBB7F2 /* Main.storyboard */,
				F53D0F7923D1BDDC006E8248 /* Map.storyboard */,
				F5B6B14D23F3923900443BA1 /* Contact.storyboard */,
				F53DF34F23C6CA9C00E4248C /* SettingsViewController.storyboard */,
			);
			path = Storyboard;
			sourceTree = "<group>";
		};
		F56B401A23B834CD00CBB7F2 = {
			isa = PBXGroup;
			children = (
				F5E890862536A9B200668692 /* Podfile */,
				F56B402523B834CD00CBB7F2 /* QuickFix */,
				F56B402423B834CD00CBB7F2 /* Products */,
				10FBC9AB4A8879F42B9B2FD9 /* Frameworks */,
				327C07488B9D5C955712449F /* Pods */,
			);
			sourceTree = "<group>";
		};
		F56B402423B834CD00CBB7F2 /* Products */ = {
			isa = PBXGroup;
			children = (
				F56B402323B834CD00CBB7F2 /* QuickFix.app */,
			);
			name = Products;
			sourceTree = "<group>";
		};
		F56B402523B834CD00CBB7F2 /* QuickFix */ = {
			isa = PBXGroup;
			children = (
				F53D0F7523D16EF9006E8248 /* SystemsView */,
				F5B6B14623F3910D00443BA1 /* ContactView */,
				F53D0F7623D16F1C006E8248 /* AppFrames */,
				F53D0F7723D16F2E006E8248 /* Storyboard */,
				F56B402F23B834D000CBB7F2 /* Assets.xcassets */,
				F56B403123B834D000CBB7F2 /* LaunchScreen.storyboard */,
				F56B403423B834D000CBB7F2 /* Info.plist */,
			);
			path = QuickFix;
			sourceTree = "<group>";
		};
		F5B6B14623F3910D00443BA1 /* ContactView */ = {
			isa = PBXGroup;
			children = (
				F5B6B14723F3912B00443BA1 /* ContactViewController.swift */,
				F5B6B14923F3915C00443BA1 /* OnlineSupportViewController.swift */,
			);
			path = ContactView;
			sourceTree = "<group>";
		};
/* End PBXGroup section */

/* Begin PBXNativeTarget section */
		F56B402223B834CD00CBB7F2 /* QuickFix */ = {
			isa = PBXNativeTarget;
			buildConfigurationList = F56B403723B834D000CBB7F2 /* Build configuration list for PBXNativeTarget "QuickFix" */;
			buildPhases = (
				643077443F0C2A5E8C261F4D /* [CP] Check Pods Manifest.lock */,
				F56B401F23B834CD00CBB7F2 /* Sources */,
				F56B402023B834CD00CBB7F2 /* Frameworks */,
				F56B402123B834CD00CBB7F2 /* Resources */,
			);
			buildRules = (
			);
			dependencies = (
			);
			name = QuickFix;
			productName = QuickFix;
			productReference = F56B402323B834CD00CBB7F2 /* QuickFix.app */;
			productType = "com.apple.product-type.application";
		};
/* End PBXNativeTarget section */

/* Begin PBXProject section */
		F56B401B23B834CD00CBB7F2 /* Project object */ = {
			isa = PBXProject;
			attributes = {
				LastSwiftUpdateCheck = 1120;
				LastUpgradeCheck = 1120;
				ORGANIZATIONNAME = "Quick Inc.";
				TargetAttributes = {
					F56B402223B834CD00CBB7F2 = {
						CreatedOnToolsVersion = 11.2.1;
					};
				};
			};
			buildConfigurationList = F56B401E23B834CD00CBB7F2 /* Build configuration list for PBXProject "QuickFix" */;
			compatibilityVersion = "Xcode 9.3";
			developmentRegion = en;
			hasScannedForEncodings = 0;
			knownRegions = (
				en,
				Base,
			);
			mainGroup = F56B401A23B834CD00CBB7F2;
			productRefGroup = F56B402423B834CD00CBB7F2 /* Products */;
			projectDirPath = "";
			projectRoot = "";
			targets = (
				F56B402223B834CD00CBB7F2 /* QuickFix */,
			);
		};
/* End PBXProject section */

/* Begin PBXResourcesBuildPhase section */
		F56B402123B834CD00CBB7F2 /* Resources */ = {
			isa = PBXResourcesBuildPhase;
			buildActionMask = 2147483647;
			files = (
				F53DF35023C6CA9C00E4248C /* SettingsViewController.storyboard in Resources */,
				F5B6B14E23F3923900443BA1 /* Contact.storyboard in Resources */,
				F56B403323B834D000CBB7F2 /* LaunchScreen.storyboard in Resources */,
				F56B403023B834D000CBB7F2 /* Assets.xcassets in Resources */,
				F53D0F7A23D1BDDC006E8248 /* Map.storyboard in Resources */,
				F5E890872536A9B200668692 /* Podfile in Resources */,
				F56B402E23B834CD00CBB7F2 /* Main.storyboard in Resources */,
			);
			runOnlyForDeploymentPostprocessing = 0;
		};
/* End PBXResourcesBuildPhase section */

/* Begin PBXShellScriptBuildPhase section */
		643077443F0C2A5E8C261F4D /* [CP] Check Pods Manifest.lock */ = {
			isa = PBXShellScriptBuildPhase;
			buildActionMask = 2147483647;
			files = (
			);
			inputPaths = (
				"${PODS_PODFILE_DIR_PATH}/Podfile.lock",
				"${PODS_ROOT}/Manifest.lock",
			);
			name = "[CP] Check Pods Manifest.lock";
			outputPaths = (
				"$(DERIVED_FILE_DIR)/Pods-QuickFix-checkManifestLockResult.txt",
			);
			runOnlyForDeploymentPostprocessing = 0;
			shellPath = /bin/sh;
			shellScript = "diff \"${PODS_PODFILE_DIR_PATH}/Podfile.lock\" \"${PODS_ROOT}/Manifest.lock\" > /dev/null\nif [ $? != 0 ] ; then\n    # print error to STDERR\n    echo \"error: The sandbox is not in sync with the Podfile.lock. Run 'pod install' or update your CocoaPods installation.\" >&2\n    exit 1\nfi\n# This output is used by Xcode 'outputs' to avoid re-running this script phase.\necho \"SUCCESS\" > \"${SCRIPT_OUTPUT_FILE_0}\"\n";
			showEnvVarsInLog = 0;
		};
/* End PBXShellScriptBuildPhase section */

/* Begin PBXSourcesBuildPhase section */
		F56B401F23B834CD00CBB7F2 /* Sources */ = {
			isa = PBXSourcesBuildPhase;
			buildActionMask = 2147483647;
			files = (
				F56B402723B834CD00CBB7F2 /* AppDelegate.swift in Sources */,
				F53DF34E23C6CA6200E4248C /* SettingsTableViewController.swift in Sources */,
				F5B6B14823F3912B00443BA1 /* ContactViewController.swift in Sources */,
				F53D0F7023D007BA006E8248 /* AppleWebViewController.swift in Sources */,
				F53D0F7423D0444A006E8248 /* WindowsWebViewController.swift in Sources */,
				F5B6B14A23F3915C00443BA1 /* OnlineSupportViewController.swift in Sources */,
				F53D0F7C23D1C0D3006E8248 /* MapViewController.swift in Sources */,
				F53DF34C23C5CEA500E4248C /* SceneDelegate.swift in Sources */,
			);
			runOnlyForDeploymentPostprocessing = 0;
		};
/* End PBXSourcesBuildPhase section */

/* Begin PBXVariantGroup section */
		F56B402C23B834CD00CBB7F2 /* Main.storyboard */ = {
			isa = PBXVariantGroup;
			children = (
				F56B402D23B834CD00CBB7F2 /* Base */,
			);
			name = Main.storyboard;
			sourceTree = "<group>";
		};
		F56B403123B834D000CBB7F2 /* LaunchScreen.storyboard */ = {
			isa = PBXVariantGroup;
			children = (
				F56B403223B834D000CBB7F2 /* Base */,
			);
			name = LaunchScreen.storyboard;
			sourceTree = "<group>";
		};
/* End PBXVariantGroup section */

/* Begin XCBuildConfiguration section */
		F56B403523B834D000CBB7F2 /* Debug */ = {
			isa = XCBuildConfiguration;
			buildSettings = {
				ALWAYS_SEARCH_USER_PATHS = NO;
				CLANG_ANALYZER_NONNULL = YES;
				CLANG_ANALYZER_NUMBER_OBJECT_CONVERSION = YES_AGGRESSIVE;
				CLANG_CXX_LANGUAGE_STANDARD = "gnu++14";
				CLANG_CXX_LIBRARY = "libc++";
				CLANG_ENABLE_MODULES = YES;
				CLANG_ENABLE_OBJC_ARC = YES;
				CLANG_ENABLE_OBJC_WEAK = YES;
				CLANG_WARN_BLOCK_CAPTURE_AUTORELEASING = YES;
				CLANG_WARN_BOOL_CONVERSION = YES;
				CLANG_WARN_COMMA = YES;
				CLANG_WARN_CONSTANT_CONVERSION = YES;
				CLANG_WARN_DEPRECATED_OBJC_IMPLEMENTATIONS = YES;
				CLANG_WARN_DIRECT_OBJC_ISA_USAGE = YES_ERROR;
				CLANG_WARN_DOCUMENTATION_COMMENTS = YES;
				CLANG_WARN_EMPTY_BODY = YES;
				CLANG_WARN_ENUM_CONVERSION = YES;
				CLANG_WARN_INFINITE_RECURSION = YES;
				CLANG_WARN_INT_CONVERSION = YES;
				CLANG_WARN_NON_LITERAL_NULL_CONVERSION = YES;
				CLANG_WARN_OBJC_IMPLICIT_RETAIN_SELF = YES;
				CLANG_WARN_OBJC_LITERAL_CONVERSION = YES;
				CLANG_WARN_OBJC_ROOT_CLASS = YES_ERROR;
				CLANG_WARN_RANGE_LOOP_ANALYSIS = YES;
				CLANG_WARN_STRICT_PROTOTYPES = YES;
				CLANG_WARN_SUSPICIOUS_MOVE = YES;
				CLANG_WARN_UNGUARDED_AVAILABILITY = YES_AGGRESSIVE;
				CLANG_WARN_UNREACHABLE_CODE = YES;
				CLANG_WARN__DUPLICATE_METHOD_MATCH = YES;
				COPY_PHASE_STRIP = NO;
				DEBUG_INFORMATION_FORMAT = dwarf;
				ENABLE_STRICT_OBJC_MSGSEND = YES;
				ENABLE_TESTABILITY = YES;
				GCC_C_LANGUAGE_STANDARD = gnu11;
				GCC_DYNAMIC_NO_PIC = NO;
				GCC_NO_COMMON_BLOCKS = YES;
				GCC_OPTIMIZATION_LEVEL = 0;
				GCC_PREPROCESSOR_DEFINITIONS = (
					"DEBUG=1",
					"$(inherited)",
				);
				GCC_WARN_64_TO_32_BIT_CONVERSION = YES;
				GCC_WARN_ABOUT_RETURN_TYPE = YES_ERROR;
				GCC_WARN_UNDECLARED_SELECTOR = YES;
				GCC_WARN_UNINITIALIZED_AUTOS = YES_AGGRESSIVE;
				GCC_WARN_UNUSED_FUNCTION = YES;
				GCC_WARN_UNUSED_VARIABLE = YES;
				IPHONEOS_DEPLOYMENT_TARGET = 13.0;
				MTL_ENABLE_DEBUG_INFO = INCLUDE_SOURCE;
				MTL_FAST_MATH = YES;
				ONLY_ACTIVE_ARCH = YES;
				SDKROOT = iphoneos;
				SWIFT_ACTIVE_COMPILATION_CONDITIONS = DEBUG;
				SWIFT_OPTIMIZATION_LEVEL = "-Onone";
			};
			name = Debug;
		};
		F56B403623B834D000CBB7F2 /* Release */ = {
			isa = XCBuildConfiguration;
			buildSettings = {
				ALWAYS_SEARCH_USER_PATHS = NO;
				CLANG_ANALYZER_NONNULL = YES;
				CLANG_ANALYZER_NUMBER_OBJECT_CONVERSION = YES_AGGRESSIVE;
				CLANG_CXX_LANGUAGE_STANDARD = "gnu++14";
				CLANG_CXX_LIBRARY = "libc++";
				CLANG_ENABLE_MODULES = YES;
				CLANG_ENABLE_OBJC_ARC = YES;
				CLANG_ENABLE_OBJC_WEAK = YES;
				CLANG_WARN_BLOCK_CAPTURE_AUTORELEASING = YES;
				CLANG_WARN_BOOL_CONVERSION = YES;
				CLANG_WARN_COMMA = YES;
				CLANG_WARN_CONSTANT_CONVERSION = YES;
				CLANG_WARN_DEPRECATED_OBJC_IMPLEMENTATIONS = YES;
				CLANG_WARN_DIRECT_OBJC_ISA_USAGE = YES_ERROR;
				CLANG_WARN_DOCUMENTATION_COMMENTS = YES;
				CLANG_WARN_EMPTY_BODY = YES;
				CLANG_WARN_ENUM_CONVERSION = YES;
				CLANG_WARN_INFINITE_RECURSION = YES;
				CLANG_WARN_INT_CONVERSION = YES;
				CLANG_WARN_NON_LITERAL_NULL_CONVERSION = YES;
				CLANG_WARN_OBJC_IMPLICIT_RETAIN_SELF = YES;
				CLANG_WARN_OBJC_LITERAL_CONVERSION = YES;
				CLANG_WARN_OBJC_ROOT_CLASS = YES_ERROR;
				CLANG_WARN_RANGE_LOOP_ANALYSIS = YES;
				CLANG_WARN_STRICT_PROTOTYPES = YES;
				CLANG_WARN_SUSPICIOUS_MOVE = YES;
				CLANG_WARN_UNGUARDED_AVAILABILITY = YES_AGGRESSIVE;
				CLANG_WARN_UNREACHABLE_CODE = YES;
				CLANG_WARN__DUPLICATE_METHOD_MATCH = YES;
				COPY_PHASE_STRIP = NO;
				DEBUG_INFORMATION_FORMAT = "dwarf-with-dsym";
				ENABLE_NS_ASSERTIONS = NO;
				ENABLE_STRICT_OBJC_MSGSEND = YES;
				GCC_C_LANGUAGE_STANDARD = gnu11;
				GCC_NO_COMMON_BLOCKS = YES;
				GCC_WARN_64_TO_32_BIT_CONVERSION = YES;
				GCC_WARN_ABOUT_RETURN_TYPE = YES_ERROR;
				GCC_WARN_UNDECLARED_SELECTOR = YES;
				GCC_WARN_UNINITIALIZED_AUTOS = YES_AGGRESSIVE;
				GCC_WARN_UNUSED_FUNCTION = YES;
				GCC_WARN_UNUSED_VARIABLE = YES;
				IPHONEOS_DEPLOYMENT_TARGET = 13.0;
				MTL_ENABLE_DEBUG_INFO = NO;
				MTL_FAST_MATH = YES;
				SDKROOT = iphoneos;
				SWIFT_COMPILATION_MODE = wholemodule;
				SWIFT_OPTIMIZATION_LEVEL = "-O";
				VALIDATE_PRODUCT = YES;
			};
			name = Release;
		};
		F56B403823B834D000CBB7F2 /* Debug */ = {
			isa = XCBuildConfiguration;
			baseConfigurationReference = 01836D5722741D872EE3E008 /* Pods-QuickFix.debug.xcconfig */;
			buildSettings = {
				ASSETCATALOG_COMPILER_APPICON_NAME = AppIcon;
				CODE_SIGN_STYLE = Automatic;
				CURRENT_PROJECT_VERSION = 1;
				DEVELOPMENT_TEAM = Y5TDDUUMN4;
				INFOPLIST_FILE = QuickFix/Info.plist;
				IPHONEOS_DEPLOYMENT_TARGET = 13.0;
				LD_RUNPATH_SEARCH_PATHS = (
					"$(inherited)",
					"@executable_path/Frameworks",
				);
				MARKETING_VERSION = 2.5;
				PRODUCT_BUNDLE_IDENTIFIER = Quick.QuickFix;
				PRODUCT_NAME = "$(TARGET_NAME)";
				SWIFT_VERSION = 5.0;
				TARGETED_DEVICE_FAMILY = "1,2";
			};
			name = Debug;
		};
		F56B403923B834D000CBB7F2 /* Release */ = {
			isa = XCBuildConfiguration;
			baseConfigurationReference = F0273300D3FBF6A7C1FE913D /* Pods-QuickFix.release.xcconfig */;
			buildSettings = {
				ASSETCATALOG_COMPILER_APPICON_NAME = AppIcon;
				CODE_SIGN_STYLE = Automatic;
				CURRENT_PROJECT_VERSION = 1;
				DEVELOPMENT_TEAM = Y5TDDUUMN4;
				INFOPLIST_FILE = QuickFix/Info.plist;
				IPHONEOS_DEPLOYMENT_TARGET = 13.0;
				LD_RUNPATH_SEARCH_PATHS = (
					"$(inherited)",
					"@executable_path/Frameworks",
				);
				MARKETING_VERSION = 2.5;
				PRODUCT_BUNDLE_IDENTIFIER = Quick.QuickFix;
				PRODUCT_NAME = "$(TARGET_NAME)";
				SWIFT_VERSION = 5.0;
				TARGETED_DEVICE_FAMILY = "1,2";
			};
			name = Release;
		};
/* End XCBuildConfiguration section */

/* Begin XCConfigurationList section */
		F56B401E23B834CD00CBB7F2 /* Build configuration list for PBXProject "QuickFix" */ = {
			isa = XCConfigurationList;
			buildConfigurations = (
				F56B403523B834D000CBB7F2 /* Debug */,
				F56B403623B834D000CBB7F2 /* Release */,
			);
			defaultConfigurationIsVisible = 0;
			defaultConfigurationName = Release;
		};
		F56B403723B834D000CBB7F2 /* Build configuration list for PBXNativeTarget "QuickFix" */ = {
			isa = XCConfigurationList;
			buildConfigurations = (
				F56B403823B834D000CBB7F2 /* Debug */,
				F56B403923B834D000CBB7F2 /* Release */,
			);
			defaultConfigurationIsVisible = 0;
			defaultConfigurationName = Release;
		};
/* End XCConfigurationList section */
	};
	rootObject = F56B401B23B834CD00CBB7F2 /* Project object */;
}
